
Microsoft Visual Studio Solution File, Format Version 12.00
# Visual Studio Version 17
VisualStudioVersion = 17.3.32819.101
MinimumVisualStudioVersion = 10.0.40219.1
Project("{FAE04EC0-301F-11D3-BF4B-00C04F79EFBC}") = "MultiLanguageHelloWPF", "MultiLanguageHelloWPF.csproj", "{D6118C88-47C3-4FE2-88E9-BC434ED8428B}"
EndProject
Global
	GlobalSection(SolutionConfigurationPlatforms) = preSolution
		Debug|Any CPU = Debug|Any CPU
		Release|Any CPU = Release|Any CPU
	EndGlobalSection
	GlobalSection(ProjectConfigurationPlatforms) = postSolution
		{D6118C88-47C3-4FE2-88E9-BC434ED8428B}.Debug|Any CPU.ActiveCfg = Debug|Any CPU
		{D6118C88-47C3-4FE2-88E9-BC434ED8428B}.Debug|Any CPU.Build.0 = Debug|Any CPU
		{D6118C88-47C3-4FE2-88E9-BC434ED8428B}.Release|Any CPU.ActiveCfg = Release|Any CPU
		{D6118C88-47C3-4FE2-88E9-BC434ED8428B}.Release|Any CPU.Build.0 = Release|Any CPU
	EndGlobalSection
	GlobalSection(SolutionProperties) = preSolution
		HideSolutionNode = FALSE
	EndGlobalSection
	GlobalSection(ExtensibilityGlobals) = postSolution
		SolutionGuid = {AFB9D6DE-EA3C-421A-AC34-0C2E1BC0767E}
	EndGlobalSection
EndGlobal
