
Microsoft Visual Studio Solution File, Format Version 12.00
# Visual Studio Version 17
VisualStudioVersion = 17.3.32819.101
MinimumVisualStudioVersion = 10.0.40219.1
Project("{FAE04EC0-301F-11D3-BF4B-00C04F79EFBC}") = "Login", "Login.csproj", "{F4D74549-C709-430B-BC5C-1835784DFF93}"
EndProject
Global
	GlobalSection(SolutionConfigurationPlatforms) = preSolution
		Debug|Any CPU = Debug|Any CPU
		Release|Any CPU = Release|Any CPU
	EndGlobalSection
	GlobalSection(ProjectConfigurationPlatforms) = postSolution
		{F4D74549-C709-430B-BC5C-1835784DFF93}.Debug|Any CPU.ActiveCfg = Debug|Any CPU
		{F4D74549-C709-430B-BC5C-1835784DFF93}.Debug|Any CPU.Build.0 = Debug|Any CPU
		{F4D74549-C709-430B-BC5C-1835784DFF93}.Release|Any CPU.ActiveCfg = Release|Any CPU
		{F4D74549-C709-430B-BC5C-1835784DFF93}.Release|Any CPU.Build.0 = Release|Any CPU
	EndGlobalSection
	GlobalSection(SolutionProperties) = preSolution
		HideSolutionNode = FALSE
	EndGlobalSection
	GlobalSection(ExtensibilityGlobals) = postSolution
		SolutionGuid = {7159F88E-9CC7-4938-B13F-2A6D562D76BD}
	EndGlobalSection
EndGlobal
